// !$*UTF8*$!
{
	archiveVersion = 1;
	classes = {
	};
	objectVersion = 56;
	objects = {

/* Begin PBXBuildFile section */
		13AA6BDF978DCEB985A61F56 /* Pods_sonarcube_sonarcubeUITests.framework in Frameworks */ = {isa = PBXBuildFile; fileRef = BA6C13EAF2ECF77E575F5FFD /* Pods_sonarcube_sonarcubeUITests.framework */; };
		2652C1EC2981A4FF000D6D42 /* AppDelegate.swift in Sources */ = {isa = PBXBuildFile; fileRef = 2652C1EB2981A4FF000D6D42 /* AppDelegate.swift */; };
		2652C1EE2981A4FF000D6D42 /* SceneDelegate.swift in Sources */ = {isa = PBXBuildFile; fileRef = 2652C1ED2981A4FF000D6D42 /* SceneDelegate.swift */; };
		2652C1F02981A4FF000D6D42 /* ViewController.swift in Sources */ = {isa = PBXBuildFile; fileRef = 2652C1EF2981A4FF000D6D42 /* ViewController.swift */; };
		2652C1F32981A4FF000D6D42 /* Main.storyboard in Resources */ = {isa = PBXBuildFile; fileRef = 2652C1F12981A4FF000D6D42 /* Main.storyboard */; };
		2652C1F52981A500000D6D42 /* Assets.xcassets in Resources */ = {isa = PBXBuildFile; fileRef = 2652C1F42981A500000D6D42 /* Assets.xcassets */; };
		2652C1F82981A500000D6D42 /* LaunchScreen.storyboard in Resources */ = {isa = PBXBuildFile; fileRef = 2652C1F62981A500000D6D42 /* LaunchScreen.storyboard */; };
		2652C2032981A501000D6D42 /* sonarcubeTests.swift in Sources */ = {isa = PBXBuildFile; fileRef = 2652C2022981A501000D6D42 /* sonarcubeTests.swift */; };
		2652C20D2981A501000D6D42 /* sonarcubeUITests.swift in Sources */ = {isa = PBXBuildFile; fileRef = 2652C20C2981A501000D6D42 /* sonarcubeUITests.swift */; };
		2652C20F2981A501000D6D42 /* sonarcubeUITestsLaunchTests.swift in Sources */ = {isa = PBXBuildFile; fileRef = 2652C20E2981A501000D6D42 /* sonarcubeUITestsLaunchTests.swift */; };
		2652C21C2981AB11000D6D42 /* Hello.swift in Sources */ = {isa = PBXBuildFile; fileRef = 2652C21B2981AB11000D6D42 /* Hello.swift */; };
		CAB6CC01BAEBE3E1C5E8FE09 /* Pods_sonarcubeTests.framework in Frameworks */ = {isa = PBXBuildFile; fileRef = 77044FAC6F8BDCDE2DA6E481 /* Pods_sonarcubeTests.framework */; };
		F5D82C473F622E285DAC835C /* Pods_sonarcube.framework in Frameworks */ = {isa = PBXBuildFile; fileRef = 47FDDFC780A83CD841D25C30 /* Pods_sonarcube.framework */; };
/* End PBXBuildFile section */

/* Begin PBXContainerItemProxy section */
		2652C1FF2981A501000D6D42 /* PBXContainerItemProxy */ = {
			isa = PBXContainerItemProxy;
			containerPortal = 2652C1E02981A4FF000D6D42 /* Project object */;
			proxyType = 1;
			remoteGlobalIDString = 2652C1E72981A4FF000D6D42;
			remoteInfo = sonarcube;
		};
		2652C2092981A501000D6D42 /* PBXContainerItemProxy */ = {
			isa = PBXContainerItemProxy;
			containerPortal = 2652C1E02981A4FF000D6D42 /* Project object */;
			proxyType = 1;
			remoteGlobalIDString = 2652C1E72981A4FF000D6D42;
			remoteInfo = sonarcube;
		};
/* End PBXContainerItemProxy section */

/* Begin PBXFileReference section */
		2652C1E82981A4FF000D6D42 /* sonarcube.app */ = {isa = PBXFileReference; explicitFileType = wrapper.application; includeInIndex = 0; path = sonarcube.app; sourceTree = BUILT_PRODUCTS_DIR; };
		2652C1EB2981A4FF000D6D42 /* AppDelegate.swift */ = {isa = PBXFileReference; lastKnownFileType = sourcecode.swift; path = AppDelegate.swift; sourceTree = "<group>"; };
		2652C1ED2981A4FF000D6D42 /* SceneDelegate.swift */ = {isa = PBXFileReference; lastKnownFileType = sourcecode.swift; path = SceneDelegate.swift; sourceTree = "<group>"; };
		2652C1EF2981A4FF000D6D42 /* ViewController.swift */ = {isa = PBXFileReference; lastKnownFileType = sourcecode.swift; path = ViewController.swift; sourceTree = "<group>"; };
		2652C1F22981A4FF000D6D42 /* Base */ = {isa = PBXFileReference; lastKnownFileType = file.storyboard; name = Base; path = Base.lproj/Main.storyboard; sourceTree = "<group>"; };
		2652C1F42981A500000D6D42 /* Assets.xcassets */ = {isa = PBXFileReference; lastKnownFileType = folder.assetcatalog; path = Assets.xcassets; sourceTree = "<group>"; };
		2652C1F72981A500000D6D42 /* Base */ = {isa = PBXFileReference; lastKnownFileType = file.storyboard; name = Base; path = Base.lproj/LaunchScreen.storyboard; sourceTree = "<group>"; };
		2652C1F92981A500000D6D42 /* Info.plist */ = {isa = PBXFileReference; lastKnownFileType = text.plist.xml; path = Info.plist; sourceTree = "<group>"; };
		2652C1FE2981A501000D6D42 /* sonarcubeTests.xctest */ = {isa = PBXFileReference; explicitFileType = wrapper.cfbundle; includeInIndex = 0; path = sonarcubeTests.xctest; sourceTree = BUILT_PRODUCTS_DIR; };
		2652C2022981A501000D6D42 /* sonarcubeTests.swift */ = {isa = PBXFileReference; lastKnownFileType = sourcecode.swift; path = sonarcubeTests.swift; sourceTree = "<group>"; };
		2652C2082981A501000D6D42 /* sonarcubeUITests.xctest */ = {isa = PBXFileReference; explicitFileType = wrapper.cfbundle; includeInIndex = 0; path = sonarcubeUITests.xctest; sourceTree = BUILT_PRODUCTS_DIR; };
		2652C20C2981A501000D6D42 /* sonarcubeUITests.swift */ = {isa = PBXFileReference; lastKnownFileType = sourcecode.swift; path = sonarcubeUITests.swift; sourceTree = "<group>"; };
		2652C20E2981A501000D6D42 /* sonarcubeUITestsLaunchTests.swift */ = {isa = PBXFileReference; lastKnownFileType = sourcecode.swift; path = sonarcubeUITestsLaunchTests.swift; sourceTree = "<group>"; };
		2652C21B2981AB11000D6D42 /* Hello.swift */ = {isa = PBXFileReference; fileEncoding = 4; lastKnownFileType = sourcecode.swift; path = Hello.swift; sourceTree = "<group>"; };
		30E56652365486C88E505C5A /* Pods-sonarcubeTests.debug.xcconfig */ = {isa = PBXFileReference; includeInIndex = 1; lastKnownFileType = text.xcconfig; name = "Pods-sonarcubeTests.debug.xcconfig"; path = "Target Support Files/Pods-sonarcubeTests/Pods-sonarcubeTests.debug.xcconfig"; sourceTree = "<group>"; };
		47FDDFC780A83CD841D25C30 /* Pods_sonarcube.framework */ = {isa = PBXFileReference; explicitFileType = wrapper.framework; includeInIndex = 0; path = Pods_sonarcube.framework; sourceTree = BUILT_PRODUCTS_DIR; };
		6D524CA6F5CB9E45130DD207 /* Pods-sonarcube.release.xcconfig */ = {isa = PBXFileReference; includeInIndex = 1; lastKnownFileType = text.xcconfig; name = "Pods-sonarcube.release.xcconfig"; path = "Target Support Files/Pods-sonarcube/Pods-sonarcube.release.xcconfig"; sourceTree = "<group>"; };
		77044FAC6F8BDCDE2DA6E481 /* Pods_sonarcubeTests.framework */ = {isa = PBXFileReference; explicitFileType = wrapper.framework; includeInIndex = 0; path = Pods_sonarcubeTests.framework; sourceTree = BUILT_PRODUCTS_DIR; };
		827955E2F827B24A0B5DC571 /* Pods-sonarcube-sonarcubeUITests.release.xcconfig */ = {isa = PBXFileReference; includeInIndex = 1; lastKnownFileType = text.xcconfig; name = "Pods-sonarcube-sonarcubeUITests.release.xcconfig"; path = "Target Support Files/Pods-sonarcube-sonarcubeUITests/Pods-sonarcube-sonarcubeUITests.release.xcconfig"; sourceTree = "<group>"; };
		B86F7FEBD4468D8275AB26F5 /* Pods-sonarcube.debug.xcconfig */ = {isa = PBXFileReference; includeInIndex = 1; lastKnownFileType = text.xcconfig; name = "Pods-sonarcube.debug.xcconfig"; path = "Target Support Files/Pods-sonarcube/Pods-sonarcube.debug.xcconfig"; sourceTree = "<group>"; };
		BA6C13EAF2ECF77E575F5FFD /* Pods_sonarcube_sonarcubeUITests.framework */ = {isa = PBXFileReference; explicitFileType = wrapper.framework; includeInIndex = 0; path = Pods_sonarcube_sonarcubeUITests.framework; sourceTree = BUILT_PRODUCTS_DIR; };
		CB32A99F8C3E3CD3845EC86C /* Pods-sonarcubeTests.release.xcconfig */ = {isa = PBXFileReference; includeInIndex = 1; lastKnownFileType = text.xcconfig; name = "Pods-sonarcubeTests.release.xcconfig"; path = "Target Support Files/Pods-sonarcubeTests/Pods-sonarcubeTests.release.xcconfig"; sourceTree = "<group>"; };
		FBAF60363722BF22BDD2705F /* Pods-sonarcube-sonarcubeUITests.debug.xcconfig */ = {isa = PBXFileReference; includeInIndex = 1; lastKnownFileType = text.xcconfig; name = "Pods-sonarcube-sonarcubeUITests.debug.xcconfig"; path = "Target Support Files/Pods-sonarcube-sonarcubeUITests/Pods-sonarcube-sonarcubeUITests.debug.xcconfig"; sourceTree = "<group>"; };
/* End PBXFileReference section */

/* Begin PBXFrameworksBuildPhase section */
		2652C1E52981A4FF000D6D42 /* Frameworks */ = {
			isa = PBXFrameworksBuildPhase;
			buildActionMask = 2147483647;
			files = (
				F5D82C473F622E285DAC835C /* Pods_sonarcube.framework in Frameworks */,
			);
			runOnlyForDeploymentPostprocessing = 0;
		};
		2652C1FB2981A501000D6D42 /* Frameworks */ = {
			isa = PBXFrameworksBuildPhase;
			buildActionMask = 2147483647;
			files = (
				CAB6CC01BAEBE3E1C5E8FE09 /* Pods_sonarcubeTests.framework in Frameworks */,
			);
			runOnlyForDeploymentPostprocessing = 0;
		};
		2652C2052981A501000D6D42 /* Frameworks */ = {
			isa = PBXFrameworksBuildPhase;
			buildActionMask = 2147483647;
			files = (
				13AA6BDF978DCEB985A61F56 /* Pods_sonarcube_sonarcubeUITests.framework in Frameworks */,
			);
			runOnlyForDeploymentPostprocessing = 0;
		};
/* End PBXFrameworksBuildPhase section */

/* Begin PBXGroup section */
		2652C1DF2981A4FF000D6D42 = {
			isa = PBXGroup;
			children = (
				2652C1EA2981A4FF000D6D42 /* sonarcube */,
				2652C2012981A501000D6D42 /* sonarcubeTests */,
				2652C20B2981A501000D6D42 /* sonarcubeUITests */,
				2652C1E92981A4FF000D6D42 /* Products */,
				56E872087618861F0EF5CD6E /* Pods */,
				D1B5A91D73C39D936EC2BF39 /* Frameworks */,
			);
			sourceTree = "<group>";
		};
		2652C1E92981A4FF000D6D42 /* Products */ = {
			isa = PBXGroup;
			children = (
				2652C1E82981A4FF000D6D42 /* sonarcube.app */,
				2652C1FE2981A501000D6D42 /* sonarcubeTests.xctest */,
				2652C2082981A501000D6D42 /* sonarcubeUITests.xctest */,
			);
			name = Products;
			sourceTree = "<group>";
		};
		2652C1EA2981A4FF000D6D42 /* sonarcube */ = {
			isa = PBXGroup;
			children = (
				2652C1EB2981A4FF000D6D42 /* AppDelegate.swift */,
				2652C1ED2981A4FF000D6D42 /* SceneDelegate.swift */,
				2652C1EF2981A4FF000D6D42 /* ViewController.swift */,
				2652C21B2981AB11000D6D42 /* Hello.swift */,
				2652C1F12981A4FF000D6D42 /* Main.storyboard */,
				2652C1F42981A500000D6D42 /* Assets.xcassets */,
				2652C1F62981A500000D6D42 /* LaunchScreen.storyboard */,
				2652C1F92981A500000D6D42 /* Info.plist */,
			);
			path = sonarcube;
			sourceTree = "<group>";
		};
		2652C2012981A501000D6D42 /* sonarcubeTests */ = {
			isa = PBXGroup;
			children = (
				2652C2022981A501000D6D42 /* sonarcubeTests.swift */,
			);
			path = sonarcubeTests;
			sourceTree = "<group>";
		};
		2652C20B2981A501000D6D42 /* sonarcubeUITests */ = {
			isa = PBXGroup;
			children = (
				2652C20C2981A501000D6D42 /* sonarcubeUITests.swift */,
				2652C20E2981A501000D6D42 /* sonarcubeUITestsLaunchTests.swift */,
			);
			path = sonarcubeUITests;
			sourceTree = "<group>";
		};
		56E872087618861F0EF5CD6E /* Pods */ = {
			isa = PBXGroup;
			children = (
				B86F7FEBD4468D8275AB26F5 /* Pods-sonarcube.debug.xcconfig */,
				6D524CA6F5CB9E45130DD207 /* Pods-sonarcube.release.xcconfig */,
				FBAF60363722BF22BDD2705F /* Pods-sonarcube-sonarcubeUITests.debug.xcconfig */,
				827955E2F827B24A0B5DC571 /* Pods-sonarcube-sonarcubeUITests.release.xcconfig */,
				30E56652365486C88E505C5A /* Pods-sonarcubeTests.debug.xcconfig */,
				CB32A99F8C3E3CD3845EC86C /* Pods-sonarcubeTests.release.xcconfig */,
			);
			path = Pods;
			sourceTree = "<group>";
		};
		D1B5A91D73C39D936EC2BF39 /* Frameworks */ = {
			isa = PBXGroup;
			children = (
				47FDDFC780A83CD841D25C30 /* Pods_sonarcube.framework */,
				BA6C13EAF2ECF77E575F5FFD /* Pods_sonarcube_sonarcubeUITests.framework */,
				77044FAC6F8BDCDE2DA6E481 /* Pods_sonarcubeTests.framework */,
			);
			name = Frameworks;
			sourceTree = "<group>";
		};
/* End PBXGroup section */

/* Begin PBXNativeTarget section */
		2652C1E72981A4FF000D6D42 /* sonarcube */ = {
			isa = PBXNativeTarget;
			buildConfigurationList = 2652C2122981A501000D6D42 /* Build configuration list for PBXNativeTarget "sonarcube" */;
			buildPhases = (
				8C85B8DFBCACE4D7D2FD9670 /* [CP] Check Pods Manifest.lock */,
				2652C1E42981A4FF000D6D42 /* Sources */,
				2652C1E52981A4FF000D6D42 /* Frameworks */,
				2652C1E62981A4FF000D6D42 /* Resources */,
			);
			buildRules = (
			);
			dependencies = (
			);
			name = sonarcube;
			productName = sonarcube;
			productReference = 2652C1E82981A4FF000D6D42 /* sonarcube.app */;
			productType = "com.apple.product-type.application";
		};
		2652C1FD2981A501000D6D42 /* sonarcubeTests */ = {
			isa = PBXNativeTarget;
			buildConfigurationList = 2652C2152981A501000D6D42 /* Build configuration list for PBXNativeTarget "sonarcubeTests" */;
			buildPhases = (
				7BD6286D14ABAC7BE90DF8C3 /* [CP] Check Pods Manifest.lock */,
				2652C1FA2981A501000D6D42 /* Sources */,
				2652C1FB2981A501000D6D42 /* Frameworks */,
				2652C1FC2981A501000D6D42 /* Resources */,
			);
			buildRules = (
			);
			dependencies = (
				2652C2002981A501000D6D42 /* PBXTargetDependency */,
			);
			name = sonarcubeTests;
			productName = sonarcubeTests;
			productReference = 2652C1FE2981A501000D6D42 /* sonarcubeTests.xctest */;
			productType = "com.apple.product-type.bundle.unit-test";
		};
		2652C2072981A501000D6D42 /* sonarcubeUITests */ = {
			isa = PBXNativeTarget;
			buildConfigurationList = 2652C2182981A501000D6D42 /* Build configuration list for PBXNativeTarget "sonarcubeUITests" */;
			buildPhases = (
				66E30D6E0E60C9C7CF1A98F3 /* [CP] Check Pods Manifest.lock */,
				2652C2042981A501000D6D42 /* Sources */,
				2652C2052981A501000D6D42 /* Frameworks */,
				2652C2062981A501000D6D42 /* Resources */,
			);
			buildRules = (
			);
			dependencies = (
				2652C20A2981A501000D6D42 /* PBXTargetDependency */,
			);
			name = sonarcubeUITests;
			productName = sonarcubeUITests;
			productReference = 2652C2082981A501000D6D42 /* sonarcubeUITests.xctest */;
			productType = "com.apple.product-type.bundle.ui-testing";
		};
/* End PBXNativeTarget section */

/* Begin PBXProject section */
		2652C1E02981A4FF000D6D42 /* Project object */ = {
			isa = PBXProject;
			attributes = {
				BuildIndependentTargetsInParallel = 1;
				LastSwiftUpdateCheck = 1400;
				LastUpgradeCheck = 1400;
				TargetAttributes = {
					2652C1E72981A4FF000D6D42 = {
						CreatedOnToolsVersion = 14.0.1;
					};
					2652C1FD2981A501000D6D42 = {
						CreatedOnToolsVersion = 14.0.1;
						TestTargetID = 2652C1E72981A4FF000D6D42;
					};
					2652C2072981A501000D6D42 = {
						CreatedOnToolsVersion = 14.0.1;
						TestTargetID = 2652C1E72981A4FF000D6D42;
					};
				};
			};
			buildConfigurationList = 2652C1E32981A4FF000D6D42 /* Build configuration list for PBXProject "sonarcube" */;
			compatibilityVersion = "Xcode 14.0";
			developmentRegion = en;
			hasScannedForEncodings = 0;
			knownRegions = (
				en,
				Base,
			);
			mainGroup = 2652C1DF2981A4FF000D6D42;
			productRefGroup = 2652C1E92981A4FF000D6D42 /* Products */;
			projectDirPath = "";
			projectRoot = "";
			targets = (
				2652C1E72981A4FF000D6D42 /* sonarcube */,
				2652C1FD2981A501000D6D42 /* sonarcubeTests */,
				2652C2072981A501000D6D42 /* sonarcubeUITests */,
			);
		};
/* End PBXProject section */

/* Begin PBXResourcesBuildPhase section */
		2652C1E62981A4FF000D6D42 /* Resources */ = {
			isa = PBXResourcesBuildPhase;
			buildActionMask = 2147483647;
			files = (
				2652C1F82981A500000D6D42 /* LaunchScreen.storyboard in Resources */,
				2652C1F52981A500000D6D42 /* Assets.xcassets in Resources */,
				2652C1F32981A4FF000D6D42 /* Main.storyboard in Resources */,
			);
			runOnlyForDeploymentPostprocessing = 0;
		};
		2652C1FC2981A501000D6D42 /* Resources */ = {
			isa = PBXResourcesBuildPhase;
			buildActionMask = 2147483647;
			files = (
			);
			runOnlyForDeploymentPostprocessing = 0;
		};
		2652C2062981A501000D6D42 /* Resources */ = {
			isa = PBXResourcesBuildPhase;
			buildActionMask = 2147483647;
			files = (
			);
			runOnlyForDeploymentPostprocessing = 0;
		};
/* End PBXResourcesBuildPhase section */

/* Begin PBXShellScriptBuildPhase section */
		66E30D6E0E60C9C7CF1A98F3 /* [CP] Check Pods Manifest.lock */ = {
			isa = PBXShellScriptBuildPhase;
			buildActionMask = 2147483647;
			files = (
			);
			inputFileListPaths = (
			);
			inputPaths = (
				"${PODS_PODFILE_DIR_PATH}/Podfile.lock",
				"${PODS_ROOT}/Manifest.lock",
			);
			name = "[CP] Check Pods Manifest.lock";
			outputFileListPaths = (
			);
			outputPaths = (
				"$(DERIVED_FILE_DIR)/Pods-sonarcube-sonarcubeUITests-checkManifestLockResult.txt",
			);
			runOnlyForDeploymentPostprocessing = 0;
			shellPath = /bin/sh;
			shellScript = "diff \"${PODS_PODFILE_DIR_PATH}/Podfile.lock\" \"${PODS_ROOT}/Manifest.lock\" > /dev/null\nif [ $? != 0 ] ; then\n    # print error to STDERR\n    echo \"error: The sandbox is not in sync with the Podfile.lock. Run 'pod install' or update your CocoaPods installation.\" >&2\n    exit 1\nfi\n# This output is used by Xcode 'outputs' to avoid re-running this script phase.\necho \"SUCCESS\" > \"${SCRIPT_OUTPUT_FILE_0}\"\n";
			showEnvVarsInLog = 0;
		};
		7BD6286D14ABAC7BE90DF8C3 /* [CP] Check Pods Manifest.lock */ = {
			isa = PBXShellScriptBuildPhase;
			buildActionMask = 2147483647;
			files = (
			);
			inputFileListPaths = (
			);
			inputPaths = (
				"${PODS_PODFILE_DIR_PATH}/Podfile.lock",
				"${PODS_ROOT}/Manifest.lock",
			);
			name = "[CP] Check Pods Manifest.lock";
			outputFileListPaths = (
			);
			outputPaths = (
				"$(DERIVED_FILE_DIR)/Pods-sonarcubeTests-checkManifestLockResult.txt",
			);
			runOnlyForDeploymentPostprocessing = 0;
			shellPath = /bin/sh;
			shellScript = "diff \"${PODS_PODFILE_DIR_PATH}/Podfile.lock\" \"${PODS_ROOT}/Manifest.lock\" > /dev/null\nif [ $? != 0 ] ; then\n    # print error to STDERR\n    echo \"error: The sandbox is not in sync with the Podfile.lock. Run 'pod install' or update your CocoaPods installation.\" >&2\n    exit 1\nfi\n# This output is used by Xcode 'outputs' to avoid re-running this script phase.\necho \"SUCCESS\" > \"${SCRIPT_OUTPUT_FILE_0}\"\n";
			showEnvVarsInLog = 0;
		};
		8C85B8DFBCACE4D7D2FD9670 /* [CP] Check Pods Manifest.lock */ = {
			isa = PBXShellScriptBuildPhase;
			buildActionMask = 2147483647;
			files = (
			);
			inputFileListPaths = (
			);
			inputPaths = (
				"${PODS_PODFILE_DIR_PATH}/Podfile.lock",
				"${PODS_ROOT}/Manifest.lock",
			);
			name = "[CP] Check Pods Manifest.lock";
			outputFileListPaths = (
			);
			outputPaths = (
				"$(DERIVED_FILE_DIR)/Pods-sonarcube-checkManifestLockResult.txt",
			);
			runOnlyForDeploymentPostprocessing = 0;
			shellPath = /bin/sh;
			shellScript = "diff \"${PODS_PODFILE_DIR_PATH}/Podfile.lock\" \"${PODS_ROOT}/Manifest.lock\" > /dev/null\nif [ $? != 0 ] ; then\n    # print error to STDERR\n    echo \"error: The sandbox is not in sync with the Podfile.lock. Run 'pod install' or update your CocoaPods installation.\" >&2\n    exit 1\nfi\n# This output is used by Xcode 'outputs' to avoid re-running this script phase.\necho \"SUCCESS\" > \"${SCRIPT_OUTPUT_FILE_0}\"\n";
			showEnvVarsInLog = 0;
		};
/* End PBXShellScriptBuildPhase section */

/* Begin PBXSourcesBuildPhase section */
		2652C1E42981A4FF000D6D42 /* Sources */ = {
			isa = PBXSourcesBuildPhase;
			buildActionMask = 2147483647;
			files = (
				2652C1F02981A4FF000D6D42 /* ViewController.swift in Sources */,
				2652C1EC2981A4FF000D6D42 /* AppDelegate.swift in Sources */,
				2652C21C2981AB11000D6D42 /* Hello.swift in Sources */,
				2652C1EE2981A4FF000D6D42 /* SceneDelegate.swift in Sources */,
			);
			runOnlyForDeploymentPostprocessing = 0;
		};
		2652C1FA2981A501000D6D42 /* Sources */ = {
			isa = PBXSourcesBuildPhase;
			buildActionMask = 2147483647;
			files = (
				2652C2032981A501000D6D42 /* sonarcubeTests.swift in Sources */,
			);
			runOnlyForDeploymentPostprocessing = 0;
		};
		2652C2042981A501000D6D42 /* Sources */ = {
			isa = PBXSourcesBuildPhase;
			buildActionMask = 2147483647;
			files = (
				2652C20D2981A501000D6D42 /* sonarcubeUITests.swift in Sources */,
				2652C20F2981A501000D6D42 /* sonarcubeUITestsLaunchTests.swift in Sources */,
			);
			runOnlyForDeploymentPostprocessing = 0;
		};
/* End PBXSourcesBuildPhase section */

/* Begin PBXTargetDependency section */
		2652C2002981A501000D6D42 /* PBXTargetDependency */ = {
			isa = PBXTargetDependency;
			target = 2652C1E72981A4FF000D6D42 /* sonarcube */;
			targetProxy = 2652C1FF2981A501000D6D42 /* PBXContainerItemProxy */;
		};
		2652C20A2981A501000D6D42 /* PBXTargetDependency */ = {
			isa = PBXTargetDependency;
			target = 2652C1E72981A4FF000D6D42 /* sonarcube */;
			targetProxy = 2652C2092981A501000D6D42 /* PBXContainerItemProxy */;
		};
/* End PBXTargetDependency section */

/* Begin PBXVariantGroup section */
		2652C1F12981A4FF000D6D42 /* Main.storyboard */ = {
			isa = PBXVariantGroup;
			children = (
				2652C1F22981A4FF000D6D42 /* Base */,
			);
			name = Main.storyboard;
			sourceTree = "<group>";
		};
		2652C1F62981A500000D6D42 /* LaunchScreen.storyboard */ = {
			isa = PBXVariantGroup;
			children = (
				2652C1F72981A500000D6D42 /* Base */,
			);
			name = LaunchScreen.storyboard;
			sourceTree = "<group>";
		};
/* End PBXVariantGroup section */

/* Begin XCBuildConfiguration section */
		2652C2102981A501000D6D42 /* Debug */ = {
			isa = XCBuildConfiguration;
			buildSettings = {
				ALWAYS_SEARCH_USER_PATHS = NO;
				CLANG_ANALYZER_NONNULL = YES;
				CLANG_ANALYZER_NUMBER_OBJECT_CONVERSION = YES_AGGRESSIVE;
				CLANG_CXX_LANGUAGE_STANDARD = "gnu++20";
				CLANG_ENABLE_MODULES = YES;
				CLANG_ENABLE_OBJC_ARC = YES;
				CLANG_ENABLE_OBJC_WEAK = YES;
				CLANG_WARN_BLOCK_CAPTURE_AUTORELEASING = YES;
				CLANG_WARN_BOOL_CONVERSION = YES;
				CLANG_WARN_COMMA = YES;
				CLANG_WARN_CONSTANT_CONVERSION = YES;
				CLANG_WARN_DEPRECATED_OBJC_IMPLEMENTATIONS = YES;
				CLANG_WARN_DIRECT_OBJC_ISA_USAGE = YES_ERROR;
				CLANG_WARN_DOCUMENTATION_COMMENTS = YES;
				CLANG_WARN_EMPTY_BODY = YES;
				CLANG_WARN_ENUM_CONVERSION = YES;
				CLANG_WARN_INFINITE_RECURSION = YES;
				CLANG_WARN_INT_CONVERSION = YES;
				CLANG_WARN_NON_LITERAL_NULL_CONVERSION = YES;
				CLANG_WARN_OBJC_IMPLICIT_RETAIN_SELF = YES;
				CLANG_WARN_OBJC_LITERAL_CONVERSION = YES;
				CLANG_WARN_OBJC_ROOT_CLASS = YES_ERROR;
				CLANG_WARN_QUOTED_INCLUDE_IN_FRAMEWORK_HEADER = YES;
				CLANG_WARN_RANGE_LOOP_ANALYSIS = YES;
				CLANG_WARN_STRICT_PROTOTYPES = YES;
				CLANG_WARN_SUSPICIOUS_MOVE = YES;
				CLANG_WARN_UNGUARDED_AVAILABILITY = YES_AGGRESSIVE;
				CLANG_WARN_UNREACHABLE_CODE = YES;
				CLANG_WARN__DUPLICATE_METHOD_MATCH = YES;
				COPY_PHASE_STRIP = NO;
				DEBUG_INFORMATION_FORMAT = dwarf;
				ENABLE_STRICT_OBJC_MSGSEND = YES;
				ENABLE_TESTABILITY = YES;
				GCC_C_LANGUAGE_STANDARD = gnu11;
				GCC_DYNAMIC_NO_PIC = NO;
				GCC_NO_COMMON_BLOCKS = YES;
				GCC_OPTIMIZATION_LEVEL = 0;
				GCC_PREPROCESSOR_DEFINITIONS = (
					"DEBUG=1",
					"$(inherited)",
				);
				GCC_WARN_64_TO_32_BIT_CONVERSION = YES;
				GCC_WARN_ABOUT_RETURN_TYPE = YES_ERROR;
				GCC_WARN_UNDECLARED_SELECTOR = YES;
				GCC_WARN_UNINITIALIZED_AUTOS = YES_AGGRESSIVE;
				GCC_WARN_UNUSED_FUNCTION = YES;
				GCC_WARN_UNUSED_VARIABLE = YES;
				IPHONEOS_DEPLOYMENT_TARGET = 16.0;
				MTL_ENABLE_DEBUG_INFO = INCLUDE_SOURCE;
				MTL_FAST_MATH = YES;
				ONLY_ACTIVE_ARCH = YES;
				SDKROOT = iphoneos;
				SWIFT_ACTIVE_COMPILATION_CONDITIONS = DEBUG;
				SWIFT_OPTIMIZATION_LEVEL = "-Onone";
			};
			name = Debug;
		};
		2652C2112981A501000D6D42 /* Release */ = {
			isa = XCBuildConfiguration;
			buildSettings = {
				ALWAYS_SEARCH_USER_PATHS = NO;
				CLANG_ANALYZER_NONNULL = YES;
				CLANG_ANALYZER_NUMBER_OBJECT_CONVERSION = YES_AGGRESSIVE;
				CLANG_CXX_LANGUAGE_STANDARD = "gnu++20";
				CLANG_ENABLE_MODULES = YES;
				CLANG_ENABLE_OBJC_ARC = YES;
				CLANG_ENABLE_OBJC_WEAK = YES;
				CLANG_WARN_BLOCK_CAPTURE_AUTORELEASING = YES;
				CLANG_WARN_BOOL_CONVERSION = YES;
				CLANG_WARN_COMMA = YES;
				CLANG_WARN_CONSTANT_CONVERSION = YES;
				CLANG_WARN_DEPRECATED_OBJC_IMPLEMENTATIONS = YES;
				CLANG_WARN_DIRECT_OBJC_ISA_USAGE = YES_ERROR;
				CLANG_WARN_DOCUMENTATION_COMMENTS = YES;
				CLANG_WARN_EMPTY_BODY = YES;
				CLANG_WARN_ENUM_CONVERSION = YES;
				CLANG_WARN_INFINITE_RECURSION = YES;
				CLANG_WARN_INT_CONVERSION = YES;
				CLANG_WARN_NON_LITERAL_NULL_CONVERSION = YES;
				CLANG_WARN_OBJC_IMPLICIT_RETAIN_SELF = YES;
				CLANG_WARN_OBJC_LITERAL_CONVERSION = YES;
				CLANG_WARN_OBJC_ROOT_CLASS = YES_ERROR;
				CLANG_WARN_QUOTED_INCLUDE_IN_FRAMEWORK_HEADER = YES;
				CLANG_WARN_RANGE_LOOP_ANALYSIS = YES;
				CLANG_WARN_STRICT_PROTOTYPES = YES;
				CLANG_WARN_SUSPICIOUS_MOVE = YES;
				CLANG_WARN_UNGUARDED_AVAILABILITY = YES_AGGRESSIVE;
				CLANG_WARN_UNREACHABLE_CODE = YES;
				CLANG_WARN__DUPLICATE_METHOD_MATCH = YES;
				COPY_PHASE_STRIP = NO;
				DEBUG_INFORMATION_FORMAT = "dwarf-with-dsym";
				ENABLE_NS_ASSERTIONS = NO;
				ENABLE_STRICT_OBJC_MSGSEND = YES;
				GCC_C_LANGUAGE_STANDARD = gnu11;
				GCC_NO_COMMON_BLOCKS = YES;
				GCC_WARN_64_TO_32_BIT_CONVERSION = YES;
				GCC_WARN_ABOUT_RETURN_TYPE = YES_ERROR;
				GCC_WARN_UNDECLARED_SELECTOR = YES;
				GCC_WARN_UNINITIALIZED_AUTOS = YES_AGGRESSIVE;
				GCC_WARN_UNUSED_FUNCTION = YES;
				GCC_WARN_UNUSED_VARIABLE = YES;
				IPHONEOS_DEPLOYMENT_TARGET = 16.0;
				MTL_ENABLE_DEBUG_INFO = NO;
				MTL_FAST_MATH = YES;
				SDKROOT = iphoneos;
				SWIFT_COMPILATION_MODE = wholemodule;
				SWIFT_OPTIMIZATION_LEVEL = "-O";
				VALIDATE_PRODUCT = YES;
			};
			name = Release;
		};
		2652C2132981A501000D6D42 /* Debug */ = {
			isa = XCBuildConfiguration;
			baseConfigurationReference = B86F7FEBD4468D8275AB26F5 /* Pods-sonarcube.debug.xcconfig */;
			buildSettings = {
				ASSETCATALOG_COMPILER_APPICON_NAME = AppIcon;
				ASSETCATALOG_COMPILER_GLOBAL_ACCENT_COLOR_NAME = AccentColor;
				CODE_SIGN_STYLE = Automatic;
				CURRENT_PROJECT_VERSION = 1;
				DEVELOPMENT_TEAM = FKCB6LBR4L;
				GENERATE_INFOPLIST_FILE = YES;
				INFOPLIST_FILE = sonarcube/Info.plist;
				INFOPLIST_KEY_UIApplicationSupportsIndirectInputEvents = YES;
				INFOPLIST_KEY_UILaunchStoryboardName = LaunchScreen;
				INFOPLIST_KEY_UIMainStoryboardFile = Main;
				INFOPLIST_KEY_UISupportedInterfaceOrientations_iPad = "UIInterfaceOrientationPortrait UIInterfaceOrientationPortraitUpsideDown UIInterfaceOrientationLandscapeLeft UIInterfaceOrientationLandscapeRight";
				INFOPLIST_KEY_UISupportedInterfaceOrientations_iPhone = "UIInterfaceOrientationPortrait UIInterfaceOrientationLandscapeLeft UIInterfaceOrientationLandscapeRight";
				LD_RUNPATH_SEARCH_PATHS = (
					"$(inherited)",
					"@executable_path/Frameworks",
				);
				MARKETING_VERSION = 1.0;
				PRODUCT_BUNDLE_IDENTIFIER = com.isathya.sonarcube;
				PRODUCT_NAME = "$(TARGET_NAME)";
				SWIFT_EMIT_LOC_STRINGS = YES;
				SWIFT_VERSION = 5.0;
				TARGETED_DEVICE_FAMILY = "1,2";
			};
			name = Debug;
		};
		2652C2142981A501000D6D42 /* Release */ = {
			isa = XCBuildConfiguration;
			baseConfigurationReference = 6D524CA6F5CB9E45130DD207 /* Pods-sonarcube.release.xcconfig */;
			buildSettings = {
				ASSETCATALOG_COMPILER_APPICON_NAME = AppIcon;
				ASSETCATALOG_COMPILER_GLOBAL_ACCENT_COLOR_NAME = AccentColor;
				CODE_SIGN_STYLE = Automatic;
				CURRENT_PROJECT_VERSION = 1;
				DEVELOPMENT_TEAM = FKCB6LBR4L;
				GENERATE_INFOPLIST_FILE = YES;
				INFOPLIST_FILE = sonarcube/Info.plist;
				INFOPLIST_KEY_UIApplicationSupportsIndirectInputEvents = YES;
				INFOPLIST_KEY_UILaunchStoryboardName = LaunchScreen;
				INFOPLIST_KEY_UIMainStoryboardFile = Main;
				INFOPLIST_KEY_UISupportedInterfaceOrientations_iPad = "UIInterfaceOrientationPortrait UIInterfaceOrientationPortraitUpsideDown UIInterfaceOrientationLandscapeLeft UIInterfaceOrientationLandscapeRight";
				INFOPLIST_KEY_UISupportedInterfaceOrientations_iPhone = "UIInterfaceOrientationPortrait UIInterfaceOrientationLandscapeLeft UIInterfaceOrientationLandscapeRight";
				LD_RUNPATH_SEARCH_PATHS = (
					"$(inherited)",
					"@executable_path/Frameworks",
				);
				MARKETING_VERSION = 1.0;
				PRODUCT_BUNDLE_IDENTIFIER = com.isathya.sonarcube;
				PRODUCT_NAME = "$(TARGET_NAME)";
				SWIFT_EMIT_LOC_STRINGS = YES;
				SWIFT_VERSION = 5.0;
				TARGETED_DEVICE_FAMILY = "1,2";
			};
			name = Release;
		};
		2652C2162981A501000D6D42 /* Debug */ = {
			isa = XCBuildConfiguration;
			baseConfigurationReference = 30E56652365486C88E505C5A /* Pods-sonarcubeTests.debug.xcconfig */;
			buildSettings = {
				ALWAYS_EMBED_SWIFT_STANDARD_LIBRARIES = YES;
				BUNDLE_LOADER = "$(TEST_HOST)";
				CODE_SIGN_STYLE = Automatic;
				CURRENT_PROJECT_VERSION = 1;
				DEVELOPMENT_TEAM = FKCB6LBR4L;
				GENERATE_INFOPLIST_FILE = YES;
				IPHONEOS_DEPLOYMENT_TARGET = 16.0;
				MARKETING_VERSION = 1.0;
				PRODUCT_BUNDLE_IDENTIFIER = com.isathya.sonarcubeTests;
				PRODUCT_NAME = "$(TARGET_NAME)";
				SWIFT_EMIT_LOC_STRINGS = NO;
				SWIFT_VERSION = 5.0;
				TARGETED_DEVICE_FAMILY = "1,2";
				TEST_HOST = "$(BUILT_PRODUCTS_DIR)/sonarcube.app/$(BUNDLE_EXECUTABLE_FOLDER_PATH)/sonarcube";
			};
			name = Debug;
		};
		2652C2172981A501000D6D42 /* Release */ = {
			isa = XCBuildConfiguration;
			baseConfigurationReference = CB32A99F8C3E3CD3845EC86C /* Pods-sonarcubeTests.release.xcconfig */;
			buildSettings = {
				ALWAYS_EMBED_SWIFT_STANDARD_LIBRARIES = YES;
				BUNDLE_LOADER = "$(TEST_HOST)";
				CODE_SIGN_STYLE = Automatic;
				CURRENT_PROJECT_VERSION = 1;
				DEVELOPMENT_TEAM = FKCB6LBR4L;
				GENERATE_INFOPLIST_FILE = YES;
				IPHONEOS_DEPLOYMENT_TARGET = 16.0;
				MARKETING_VERSION = 1.0;
				PRODUCT_BUNDLE_IDENTIFIER = com.isathya.sonarcubeTests;
				PRODUCT_NAME = "$(TARGET_NAME)";
				SWIFT_EMIT_LOC_STRINGS = NO;
				SWIFT_VERSION = 5.0;
				TARGETED_DEVICE_FAMILY = "1,2";
				TEST_HOST = "$(BUILT_PRODUCTS_DIR)/sonarcube.app/$(BUNDLE_EXECUTABLE_FOLDER_PATH)/sonarcube";
			};
			name = Release;
		};
		2652C2192981A501000D6D42 /* Debug */ = {
			isa = XCBuildConfiguration;
			baseConfigurationReference = FBAF60363722BF22BDD2705F /* Pods-sonarcube-sonarcubeUITests.debug.xcconfig */;
			buildSettings = {
				ALWAYS_EMBED_SWIFT_STANDARD_LIBRARIES = YES;
				CODE_SIGN_STYLE = Automatic;
				CURRENT_PROJECT_VERSION = 1;
				DEVELOPMENT_TEAM = FKCB6LBR4L;
				GENERATE_INFOPLIST_FILE = YES;
				MARKETING_VERSION = 1.0;
				PRODUCT_BUNDLE_IDENTIFIER = com.isathya.sonarcubeUITests;
				PRODUCT_NAME = "$(TARGET_NAME)";
				SWIFT_EMIT_LOC_STRINGS = NO;
				SWIFT_VERSION = 5.0;
				TARGETED_DEVICE_FAMILY = "1,2";
				TEST_TARGET_NAME = sonarcube;
			};
			name = Debug;
		};
		2652C21A2981A501000D6D42 /* Release */ = {
			isa = XCBuildConfiguration;
			baseConfigurationReference = 827955E2F827B24A0B5DC571 /* Pods-sonarcube-sonarcubeUITests.release.xcconfig */;
			buildSettings = {
				ALWAYS_EMBED_SWIFT_STANDARD_LIBRARIES = YES;
				CODE_SIGN_STYLE = Automatic;
				CURRENT_PROJECT_VERSION = 1;
				DEVELOPMENT_TEAM = FKCB6LBR4L;
				GENERATE_INFOPLIST_FILE = YES;
				MARKETING_VERSION = 1.0;
				PRODUCT_BUNDLE_IDENTIFIER = com.isathya.sonarcubeUITests;
				PRODUCT_NAME = "$(TARGET_NAME)";
				SWIFT_EMIT_LOC_STRINGS = NO;
				SWIFT_VERSION = 5.0;
				TARGETED_DEVICE_FAMILY = "1,2";
				TEST_TARGET_NAME = sonarcube;
			};
			name = Release;
		};
/* End XCBuildConfiguration section */

/* Begin XCConfigurationList section */
		2652C1E32981A4FF000D6D42 /* Build configuration list for PBXProject "sonarcube" */ = {
			isa = XCConfigurationList;
			buildConfigurations = (
				2652C2102981A501000D6D42 /* Debug */,
				2652C2112981A501000D6D42 /* Release */,
			);
			defaultConfigurationIsVisible = 0;
			defaultConfigurationName = Release;
		};
		2652C2122981A501000D6D42 /* Build configuration list for PBXNativeTarget "sonarcube" */ = {
			isa = XCConfigurationList;
			buildConfigurations = (
				2652C2132981A501000D6D42 /* Debug */,
				2652C2142981A501000D6D42 /* Release */,
			);
			defaultConfigurationIsVisible = 0;
			defaultConfigurationName = Release;
		};
		2652C2152981A501000D6D42 /* Build configuration list for PBXNativeTarget "sonarcubeTests" */ = {
			isa = XCConfigurationList;
			buildConfigurations = (
				2652C2162981A501000D6D42 /* Debug */,
				2652C2172981A501000D6D42 /* Release */,
			);
			defaultConfigurationIsVisible = 0;
			defaultConfigurationName = Release;
		};
		2652C2182981A501000D6D42 /* Build configuration list for PBXNativeTarget "sonarcubeUITests" */ = {
			isa = XCConfigurationList;
			buildConfigurations = (
				2652C2192981A501000D6D42 /* Debug */,
				2652C21A2981A501000D6D42 /* Release */,
			);
			defaultConfigurationIsVisible = 0;
			defaultConfigurationName = Release;
		};
/* End XCConfigurationList section */
	};
	rootObject = 2652C1E02981A4FF000D6D42 /* Project object */;
}
